
Microsoft Visual Studio Solution File, Format Version 12.00
# Visual Studio 15
VisualStudioVersion = 15.0.27703.2035
MinimumVisualStudioVersion = 10.0.40219.1
Project("{FAE04EC0-301F-11D3-BF4B-00C04F79EFBC}") = "ESafety.Account.API", "ESafety.Account.API\ESafety.Account.API.csproj", "{D06ACC93-0E85-4594-A2BA-1D4CB3C67D17}"
EndProject
Project("{FAE04EC0-301F-11D3-BF4B-00C04F79EFBC}") = "ESafety.Platform.API", "ESafety.Platform.API\ESafety.Platform.API.csproj", "{EC79EA7D-211C-42DC-B9D5-7C43A332F090}"
EndProject
Project("{FAE04EC0-301F-11D3-BF4B-00C04F79EFBC}") = "ESafety.Unity", "ESafety.Unity\ESafety.Unity.csproj", "{FD6E7F38-6E75-4027-89DF-94FD3AB93A3D}"
EndProject
Project("{FAE04EC0-301F-11D3-BF4B-00C04F79EFBC}") = "ESafety.Core.Model", "ESafety.Core.Model\ESafety.Core.Model.csproj", "{56AE99ED-A596-4B0C-BF0F-C8FA10A0C4AE}"
EndProject
Project("{FAE04EC0-301F-11D3-BF4B-00C04F79EFBC}") = "ESafety.Core", "ESafety.Core\ESafety.Core.csproj", "{CAAB6290-F9BA-4E7D-B157-360FF452B0E3}"
EndProject
Project("{FAE04EC0-301F-11D3-BF4B-00C04F79EFBC}") = "ESafety.Web.Unity", "ESafety.Web.Unity\ESafety.Web.Unity.csproj", "{138DA9A8-707A-4222-9466-9D9C25AB1FA8}"
EndProject
Project("{FAE04EC0-301F-11D3-BF4B-00C04F79EFBC}") = "ESafety.ORM", "ESafety.ORM\ESafety.ORM.csproj", "{102D8C09-3175-4080-AE0E-4AAEBAB2C241}"
EndProject
Project("{FAE04EC0-301F-11D3-BF4B-00C04F79EFBC}") = "ESafety.Account.IService", "ESafety.Account.IService\ESafety.Account.IService.csproj", "{175C4777-FB21-46C1-844F-CDB9947769E3}"
EndProject
Project("{FAE04EC0-301F-11D3-BF4B-00C04F79EFBC}") = "ESafety.Account.Service", "ESafety.Account.Service\ESafety.Account.Service.csproj", "{7F78AFA0-CFE0-42CB-B7C7-F53EF47330B5}"
EndProject
Project("{FAE04EC0-301F-11D3-BF4B-00C04F79EFBC}") = "ESafety.Platform.IService", "ESafety.Platform.IService\ESafety.Platform.IService.csproj", "{62493032-F604-4D30-A8AD-6B02D4596EA0}"
EndProject
Project("{FAE04EC0-301F-11D3-BF4B-00C04F79EFBC}") = "ESafety.Platform.Service", "ESafety.Platform.Service\ESafety.Platform.Service.csproj", "{14B3EE81-DA76-4CE4-9A1F-846A4BEC7305}"
EndProject
Project("{FAE04EC0-301F-11D3-BF4B-00C04F79EFBC}") = "ESafety.TEST", "ESafety.TEST\ESafety.TEST.csproj", "{70750297-1484-4505-BF13-620AF2415B73}"
EndProject
Project("{FAE04EC0-301F-11D3-BF4B-00C04F79EFBC}") = "ESafety.Account.Model", "ESafety.Account.Model\ESafety.Account.Model.csproj", "{812FB462-BB86-4D06-9D8F-C452E3C87308}"
EndProject
Project("{FAE04EC0-301F-11D3-BF4B-00C04F79EFBC}") = "ESafety.TaskManager", "ESafety.TaskManager\ESafety.TaskManager.csproj", "{047D79BC-C2FC-49E7-B0D2-8C13AF062E1C}"
EndProject
Project("{FAE04EC0-301F-11D3-BF4B-00C04F79EFBC}") = "Quick.WXHelper", "Quick.WXHelper\Quick.WXHelper.csproj", "{9BED3453-03F6-40BE-B018-34BE00D72243}"
EndProject
Global
	GlobalSection(SolutionConfigurationPlatforms) = preSolution
		Debug|Any CPU = Debug|Any CPU
		Release|Any CPU = Release|Any CPU
	EndGlobalSection
	GlobalSection(ProjectConfigurationPlatforms) = postSolution
		{D06ACC93-0E85-4594-A2BA-1D4CB3C67D17}.Debug|Any CPU.ActiveCfg = Debug|Any CPU
		{D06ACC93-0E85-4594-A2BA-1D4CB3C67D17}.Debug|Any CPU.Build.0 = Debug|Any CPU
		{D06ACC93-0E85-4594-A2BA-1D4CB3C67D17}.Release|Any CPU.ActiveCfg = Release|Any CPU
		{D06ACC93-0E85-4594-A2BA-1D4CB3C67D17}.Release|Any CPU.Build.0 = Release|Any CPU
		{EC79EA7D-211C-42DC-B9D5-7C43A332F090}.Debug|Any CPU.ActiveCfg = Debug|Any CPU
		{EC79EA7D-211C-42DC-B9D5-7C43A332F090}.Debug|Any CPU.Build.0 = Debug|Any CPU
		{EC79EA7D-211C-42DC-B9D5-7C43A332F090}.Release|Any CPU.ActiveCfg = Release|Any CPU
		{EC79EA7D-211C-42DC-B9D5-7C43A332F090}.Release|Any CPU.Build.0 = Release|Any CPU
		{FD6E7F38-6E75-4027-89DF-94FD3AB93A3D}.Debug|Any CPU.ActiveCfg = Debug|Any CPU
		{FD6E7F38-6E75-4027-89DF-94FD3AB93A3D}.Debug|Any CPU.Build.0 = Debug|Any CPU
		{FD6E7F38-6E75-4027-89DF-94FD3AB93A3D}.Release|Any CPU.ActiveCfg = Release|Any CPU
		{FD6E7F38-6E75-4027-89DF-94FD3AB93A3D}.Release|Any CPU.Build.0 = Release|Any CPU
		{56AE99ED-A596-4B0C-BF0F-C8FA10A0C4AE}.Debug|Any CPU.ActiveCfg = Debug|Any CPU
		{56AE99ED-A596-4B0C-BF0F-C8FA10A0C4AE}.Debug|Any CPU.Build.0 = Debug|Any CPU
		{56AE99ED-A596-4B0C-BF0F-C8FA10A0C4AE}.Release|Any CPU.ActiveCfg = Release|Any CPU
		{56AE99ED-A596-4B0C-BF0F-C8FA10A0C4AE}.Release|Any CPU.Build.0 = Release|Any CPU
		{CAAB6290-F9BA-4E7D-B157-360FF452B0E3}.Debug|Any CPU.ActiveCfg = Debug|Any CPU
		{CAAB6290-F9BA-4E7D-B157-360FF452B0E3}.Debug|Any CPU.Build.0 = Debug|Any CPU
		{CAAB6290-F9BA-4E7D-B157-360FF452B0E3}.Release|Any CPU.ActiveCfg = Release|Any CPU
		{CAAB6290-F9BA-4E7D-B157-360FF452B0E3}.Release|Any CPU.Build.0 = Release|Any CPU
		{138DA9A8-707A-4222-9466-9D9C25AB1FA8}.Debug|Any CPU.ActiveCfg = Debug|Any CPU
		{138DA9A8-707A-4222-9466-9D9C25AB1FA8}.Debug|Any CPU.Build.0 = Debug|Any CPU
		{138DA9A8-707A-4222-9466-9D9C25AB1FA8}.Release|Any CPU.ActiveCfg = Release|Any CPU
		{138DA9A8-707A-4222-9466-9D9C25AB1FA8}.Release|Any CPU.Build.0 = Release|Any CPU
		{102D8C09-3175-4080-AE0E-4AAEBAB2C241}.Debug|Any CPU.ActiveCfg = Debug|Any CPU
		{102D8C09-3175-4080-AE0E-4AAEBAB2C241}.Debug|Any CPU.Build.0 = Debug|Any CPU
		{102D8C09-3175-4080-AE0E-4AAEBAB2C241}.Release|Any CPU.ActiveCfg = Release|Any CPU
		{102D8C09-3175-4080-AE0E-4AAEBAB2C241}.Release|Any CPU.Build.0 = Release|Any CPU
		{175C4777-FB21-46C1-844F-CDB9947769E3}.Debug|Any CPU.ActiveCfg = Debug|Any CPU
		{175C4777-FB21-46C1-844F-CDB9947769E3}.Debug|Any CPU.Build.0 = Debug|Any CPU
		{175C4777-FB21-46C1-844F-CDB9947769E3}.Release|Any CPU.ActiveCfg = Release|Any CPU
		{175C4777-FB21-46C1-844F-CDB9947769E3}.Release|Any CPU.Build.0 = Release|Any CPU
		{7F78AFA0-CFE0-42CB-B7C7-F53EF47330B5}.Debug|Any CPU.ActiveCfg = Debug|Any CPU
		{7F78AFA0-CFE0-42CB-B7C7-F53EF47330B5}.Debug|Any CPU.Build.0 = Debug|Any CPU
		{7F78AFA0-CFE0-42CB-B7C7-F53EF47330B5}.Release|Any CPU.ActiveCfg = Release|Any CPU
		{7F78AFA0-CFE0-42CB-B7C7-F53EF47330B5}.Release|Any CPU.Build.0 = Release|Any CPU
		{62493032-F604-4D30-A8AD-6B02D4596EA0}.Debug|Any CPU.ActiveCfg = Debug|Any CPU
		{62493032-F604-4D30-A8AD-6B02D4596EA0}.Debug|Any CPU.Build.0 = Debug|Any CPU
		{62493032-F604-4D30-A8AD-6B02D4596EA0}.Release|Any CPU.ActiveCfg = Release|Any CPU
		{62493032-F604-4D30-A8AD-6B02D4596EA0}.Release|Any CPU.Build.0 = Release|Any CPU
		{14B3EE81-DA76-4CE4-9A1F-846A4BEC7305}.Debug|Any CPU.ActiveCfg = Debug|Any CPU
		{14B3EE81-DA76-4CE4-9A1F-846A4BEC7305}.Debug|Any CPU.Build.0 = Debug|Any CPU
		{14B3EE81-DA76-4CE4-9A1F-846A4BEC7305}.Release|Any CPU.ActiveCfg = Release|Any CPU
		{14B3EE81-DA76-4CE4-9A1F-846A4BEC7305}.Release|Any CPU.Build.0 = Release|Any CPU
		{70750297-1484-4505-BF13-620AF2415B73}.Debug|Any CPU.ActiveCfg = Debug|Any CPU
		{70750297-1484-4505-BF13-620AF2415B73}.Debug|Any CPU.Build.0 = Debug|Any CPU
		{70750297-1484-4505-BF13-620AF2415B73}.Release|Any CPU.ActiveCfg = Release|Any CPU
		{70750297-1484-4505-BF13-620AF2415B73}.Release|Any CPU.Build.0 = Release|Any CPU
		{812FB462-BB86-4D06-9D8F-C452E3C87308}.Debug|Any CPU.ActiveCfg = Debug|Any CPU
		{812FB462-BB86-4D06-9D8F-C452E3C87308}.Debug|Any CPU.Build.0 = Debug|Any CPU
		{812FB462-BB86-4D06-9D8F-C452E3C87308}.Release|Any CPU.ActiveCfg = Release|Any CPU
		{812FB462-BB86-4D06-9D8F-C452E3C87308}.Release|Any CPU.Build.0 = Release|Any CPU
		{047D79BC-C2FC-49E7-B0D2-8C13AF062E1C}.Debug|Any CPU.ActiveCfg = Debug|Any CPU
		{047D79BC-C2FC-49E7-B0D2-8C13AF062E1C}.Debug|Any CPU.Build.0 = Debug|Any CPU
		{047D79BC-C2FC-49E7-B0D2-8C13AF062E1C}.Release|Any CPU.ActiveCfg = Release|Any CPU
		{047D79BC-C2FC-49E7-B0D2-8C13AF062E1C}.Release|Any CPU.Build.0 = Release|Any CPU
		{9BED3453-03F6-40BE-B018-34BE00D72243}.Debug|Any CPU.ActiveCfg = Debug|Any CPU
		{9BED3453-03F6-40BE-B018-34BE00D72243}.Debug|Any CPU.Build.0 = Debug|Any CPU
		{9BED3453-03F6-40BE-B018-34BE00D72243}.Release|Any CPU.ActiveCfg = Release|Any CPU
		{9BED3453-03F6-40BE-B018-34BE00D72243}.Release|Any CPU.Build.0 = Release|Any CPU
	EndGlobalSection
	GlobalSection(SolutionProperties) = preSolution
		HideSolutionNode = FALSE
	EndGlobalSection
	GlobalSection(ExtensibilityGlobals) = postSolution
		SolutionGuid = {6F5A6BF4-23F1-4448-ABB1-55398371AA79}
	EndGlobalSection
EndGlobal
